
Microsoft Visual Studio Solution File, Format Version 12.00
# Visual Studio 14
VisualStudioVersion = 14.0.25420.1
MinimumVisualStudioVersion = 10.0.40219.1
Project("{2150E333-8FDC-42A3-9474-1A3956D46DE8}") = "src", "src", "{260D7151-4745-4C55-8D18-513F01EA567B}"
EndProject
Project("{2150E333-8FDC-42A3-9474-1A3956D46DE8}") = "Solution Items", "Solution Items", "{89D88CB8-EF95-494E-A0BF-BC8EDB370C82}"
	ProjectSection(SolutionItems) = preProject
		global.json = global.json
	EndProjectSection
EndProject
Project("{8BB2217D-0F2D-49D1-97BC-3654ED321F3B}") = "MainMenu.Web", "src\MainMenu.Web\MainMenu.Web.xproj", "{83774A85-1AC6-44A1-B378-0675CF14C9CC}"
EndProject
Project("{8BB2217D-0F2D-49D1-97BC-3654ED321F3B}") = "MainMenu.IisAdministration", "src\MainMenu.IisAdministration\MainMenu.IisAdministration.xproj", "{983D8DB7-DFC7-4FB5-8986-D3D99FE373C5}"
EndProject
Global
	GlobalSection(SolutionConfigurationPlatforms) = preSolution
		Debug|Any CPU = Debug|Any CPU
		Release|Any CPU = Release|Any CPU
	EndGlobalSection
	GlobalSection(ProjectConfigurationPlatforms) = postSolution
		{83774A85-1AC6-44A1-B378-0675CF14C9CC}.Debug|Any CPU.ActiveCfg = Debug|Any CPU
		{83774A85-1AC6-44A1-B378-0675CF14C9CC}.Debug|Any CPU.Build.0 = Debug|Any CPU
		{83774A85-1AC6-44A1-B378-0675CF14C9CC}.Release|Any CPU.ActiveCfg = Release|Any CPU
		{83774A85-1AC6-44A1-B378-0675CF14C9CC}.Release|Any CPU.Build.0 = Release|Any CPU
		{983D8DB7-DFC7-4FB5-8986-D3D99FE373C5}.Debug|Any CPU.ActiveCfg = Debug|Any CPU
		{983D8DB7-DFC7-4FB5-8986-D3D99FE373C5}.Debug|Any CPU.Build.0 = Debug|Any CPU
		{983D8DB7-DFC7-4FB5-8986-D3D99FE373C5}.Release|Any CPU.ActiveCfg = Release|Any CPU
		{983D8DB7-DFC7-4FB5-8986-D3D99FE373C5}.Release|Any CPU.Build.0 = Release|Any CPU
	EndGlobalSection
	GlobalSection(SolutionProperties) = preSolution
		HideSolutionNode = FALSE
	EndGlobalSection
	GlobalSection(NestedProjects) = preSolution
		{83774A85-1AC6-44A1-B378-0675CF14C9CC} = {260D7151-4745-4C55-8D18-513F01EA567B}
		{983D8DB7-DFC7-4FB5-8986-D3D99FE373C5} = {260D7151-4745-4C55-8D18-513F01EA567B}
	EndGlobalSection
EndGlobal
